// !$*UTF8*$!
{
	archiveVersion = 1;
	classes = {
	};
	objectVersion = 56;
	objects = {

/* Begin PBXBuildFile section */
		52DF2B932BE3312900172E9A /* ZodiactApp.swift in Sources */ = {isa = PBXBuildFile; fileRef = 52DF2B922BE3312900172E9A /* ZodiactApp.swift */; };
		52DF2B972BE3312B00172E9A /* Assets.xcassets in Resources */ = {isa = PBXBuildFile; fileRef = 52DF2B962BE3312B00172E9A /* Assets.xcassets */; };
		52DF2B9A2BE3312B00172E9A /* Preview Assets.xcassets in Resources */ = {isa = PBXBuildFile; fileRef = 52DF2B992BE3312B00172E9A /* Preview Assets.xcassets */; };
		52DF2BA82BE3323100172E9A /* GoogleGenerativeAI in Frameworks */ = {isa = PBXBuildFile; productRef = 52DF2BA72BE3323100172E9A /* GoogleGenerativeAI */; };
		52DF2BAA2BE3326600172E9A /* Zodiac.swift in Sources */ = {isa = PBXBuildFile; fileRef = 52DF2BA92BE3326600172E9A /* Zodiac.swift */; };
		52DF2BAE2BE3344D00172E9A /* ZodiacVM.swift in Sources */ = {isa = PBXBuildFile; fileRef = 52DF2BAD2BE3344D00172E9A /* ZodiacVM.swift */; };
		52DF2BB72BE338F600172E9A /* MainView.swift in Sources */ = {isa = PBXBuildFile; fileRef = 52DF2BB62BE338F600172E9A /* MainView.swift */; };
		52DF2BB92BE3394000172E9A /* HomeView.swift in Sources */ = {isa = PBXBuildFile; fileRef = 52DF2BB82BE3394000172E9A /* HomeView.swift */; };
		52DF2BBD2BE3396A00172E9A /* ZodiacView.swift in Sources */ = {isa = PBXBuildFile; fileRef = 52DF2BBC2BE3396A00172E9A /* ZodiacView.swift */; };
		52DF2BBF2BE3397600172E9A /* SettingView.swift in Sources */ = {isa = PBXBuildFile; fileRef = 52DF2BBE2BE3397600172E9A /* SettingView.swift */; };
		52DF2BC12BE3532E00172E9A /* TestingView.swift in Sources */ = {isa = PBXBuildFile; fileRef = 52DF2BC02BE3532D00172E9A /* TestingView.swift */; };
		52DF2BC32BE3690000172E9A /* Horoscope.swift in Sources */ = {isa = PBXBuildFile; fileRef = 52DF2BC22BE3690000172E9A /* Horoscope.swift */; };
		52DF2BC62BE36CC300172E9A /* HoroscopeRow.swift in Sources */ = {isa = PBXBuildFile; fileRef = 52DF2BC52BE36CC300172E9A /* HoroscopeRow.swift */; };
		52DF2BC82BE36F9800172E9A /* HoroscopeDetail.swift in Sources */ = {isa = PBXBuildFile; fileRef = 52DF2BC72BE36F9800172E9A /* HoroscopeDetail.swift */; };
		52DF2BCA2BE3704600172E9A /* HeaderView.swift in Sources */ = {isa = PBXBuildFile; fileRef = 52DF2BC92BE3704600172E9A /* HeaderView.swift */; };
/* End PBXBuildFile section */

/* Begin PBXFileReference section */
		52DF2B8F2BE3312900172E9A /* Zodiact.app */ = {isa = PBXFileReference; explicitFileType = wrapper.application; includeInIndex = 0; path = Zodiact.app; sourceTree = BUILT_PRODUCTS_DIR; };
		52DF2B922BE3312900172E9A /* ZodiactApp.swift */ = {isa = PBXFileReference; lastKnownFileType = sourcecode.swift; path = ZodiactApp.swift; sourceTree = "<group>"; };
		52DF2B962BE3312B00172E9A /* Assets.xcassets */ = {isa = PBXFileReference; lastKnownFileType = folder.assetcatalog; path = Assets.xcassets; sourceTree = "<group>"; };
		52DF2B992BE3312B00172E9A /* Preview Assets.xcassets */ = {isa = PBXFileReference; lastKnownFileType = folder.assetcatalog; path = "Preview Assets.xcassets"; sourceTree = "<group>"; };
		52DF2BA92BE3326600172E9A /* Zodiac.swift */ = {isa = PBXFileReference; lastKnownFileType = sourcecode.swift; path = Zodiac.swift; sourceTree = "<group>"; };
		52DF2BAD2BE3344D00172E9A /* ZodiacVM.swift */ = {isa = PBXFileReference; lastKnownFileType = sourcecode.swift; path = ZodiacVM.swift; sourceTree = "<group>"; };
		52DF2BB62BE338F600172E9A /* MainView.swift */ = {isa = PBXFileReference; lastKnownFileType = sourcecode.swift; path = MainView.swift; sourceTree = "<group>"; };
		52DF2BB82BE3394000172E9A /* HomeView.swift */ = {isa = PBXFileReference; lastKnownFileType = sourcecode.swift; path = HomeView.swift; sourceTree = "<group>"; };
		52DF2BBC2BE3396A00172E9A /* ZodiacView.swift */ = {isa = PBXFileReference; lastKnownFileType = sourcecode.swift; path = ZodiacView.swift; sourceTree = "<group>"; };
		52DF2BBE2BE3397600172E9A /* SettingView.swift */ = {isa = PBXFileReference; lastKnownFileType = sourcecode.swift; path = SettingView.swift; sourceTree = "<group>"; };
		52DF2BC02BE3532D00172E9A /* TestingView.swift */ = {isa = PBXFileReference; lastKnownFileType = sourcecode.swift; path = TestingView.swift; sourceTree = "<group>"; };
		52DF2BC22BE3690000172E9A /* Horoscope.swift */ = {isa = PBXFileReference; lastKnownFileType = sourcecode.swift; path = Horoscope.swift; sourceTree = "<group>"; };
		52DF2BC52BE36CC300172E9A /* HoroscopeRow.swift */ = {isa = PBXFileReference; lastKnownFileType = sourcecode.swift; path = HoroscopeRow.swift; sourceTree = "<group>"; };
		52DF2BC72BE36F9800172E9A /* HoroscopeDetail.swift */ = {isa = PBXFileReference; lastKnownFileType = sourcecode.swift; path = HoroscopeDetail.swift; sourceTree = "<group>"; };
		52DF2BC92BE3704600172E9A /* HeaderView.swift */ = {isa = PBXFileReference; lastKnownFileType = sourcecode.swift; path = HeaderView.swift; sourceTree = "<group>"; };
/* End PBXFileReference section */

/* Begin PBXFrameworksBuildPhase section */
		52DF2B8C2BE3312900172E9A /* Frameworks */ = {
			isa = PBXFrameworksBuildPhase;
			buildActionMask = 2147483647;
			files = (
				52DF2BA82BE3323100172E9A /* GoogleGenerativeAI in Frameworks */,
			);
			runOnlyForDeploymentPostprocessing = 0;
		};
/* End PBXFrameworksBuildPhase section */

/* Begin PBXGroup section */
		52DF2B862BE3312900172E9A = {
			isa = PBXGroup;
			children = (
				52DF2B912BE3312900172E9A /* Zodiact */,
				52DF2B902BE3312900172E9A /* Products */,
			);
			sourceTree = "<group>";
		};
		52DF2B902BE3312900172E9A /* Products */ = {
			isa = PBXGroup;
			children = (
				52DF2B8F2BE3312900172E9A /* Zodiact.app */,
			);
			name = Products;
			sourceTree = "<group>";
		};
		52DF2B912BE3312900172E9A /* Zodiact */ = {
			isa = PBXGroup;
			children = (
				52DF2BA02BE3313800172E9A /* App */,
				52DF2BB22BE338A300172E9A /* MainView */,
				52DF2BA32BE3320F00172E9A /* Model */,
				52DF2B982BE3312B00172E9A /* Preview Content */,
				52DF2BA22BE3314300172E9A /* Resources */,
				52DF2BA42BE3321800172E9A /* Services */,
				52DF2BA12BE3313E00172E9A /* View */,
				52DF2BA52BE3321E00172E9A /* ViewModel */,
			);
			path = Zodiact;
			sourceTree = "<group>";
		};
		52DF2B982BE3312B00172E9A /* Preview Content */ = {
			isa = PBXGroup;
			children = (
				52DF2B992BE3312B00172E9A /* Preview Assets.xcassets */,
			);
			path = "Preview Content";
			sourceTree = "<group>";
		};
		52DF2BA02BE3313800172E9A /* App */ = {
			isa = PBXGroup;
			children = (
				52DF2B922BE3312900172E9A /* ZodiactApp.swift */,
			);
			path = App;
			sourceTree = "<group>";
		};
		52DF2BA12BE3313E00172E9A /* View */ = {
			isa = PBXGroup;
			children = (
				52DF2BB52BE338D000172E9A /* Setting */,
				52DF2BB42BE338BE00172E9A /* Zodiac */,
				52DF2BB32BE338B500172E9A /* Home */,
				52DF2BC02BE3532D00172E9A /* TestingView.swift */,
			);
			path = View;
			sourceTree = "<group>";
		};
		52DF2BA22BE3314300172E9A /* Resources */ = {
			isa = PBXGroup;
			children = (
				52DF2B962BE3312B00172E9A /* Assets.xcassets */,
			);
			path = Resources;
			sourceTree = "<group>";
		};
		52DF2BA32BE3320F00172E9A /* Model */ = {
			isa = PBXGroup;
			children = (
				52DF2BA92BE3326600172E9A /* Zodiac.swift */,
				52DF2BC22BE3690000172E9A /* Horoscope.swift */,
			);
			path = Model;
			sourceTree = "<group>";
		};
		52DF2BA42BE3321800172E9A /* Services */ = {
			isa = PBXGroup;
			children = (
			);
			path = Services;
			sourceTree = "<group>";
		};
		52DF2BA52BE3321E00172E9A /* ViewModel */ = {
			isa = PBXGroup;
			children = (
				52DF2BAD2BE3344D00172E9A /* ZodiacVM.swift */,
			);
			path = ViewModel;
			sourceTree = "<group>";
		};
		52DF2BB22BE338A300172E9A /* MainView */ = {
			isa = PBXGroup;
			children = (
				52DF2BB62BE338F600172E9A /* MainView.swift */,
			);
			path = MainView;
			sourceTree = "<group>";
		};
		52DF2BB32BE338B500172E9A /* Home */ = {
			isa = PBXGroup;
			children = (
				52DF2BB82BE3394000172E9A /* HomeView.swift */,
			);
			path = Home;
			sourceTree = "<group>";
		};
		52DF2BB42BE338BE00172E9A /* Zodiac */ = {
			isa = PBXGroup;
			children = (
				52DF2BC42BE36CB500172E9A /* Components */,
				52DF2BBC2BE3396A00172E9A /* ZodiacView.swift */,
			);
			path = Zodiac;
			sourceTree = "<group>";
		};
		52DF2BB52BE338D000172E9A /* Setting */ = {
			isa = PBXGroup;
			children = (
				52DF2BBE2BE3397600172E9A /* SettingView.swift */,
			);
			path = Setting;
			sourceTree = "<group>";
		};
		52DF2BC42BE36CB500172E9A /* Components */ = {
			isa = PBXGroup;
			children = (
				52DF2BC52BE36CC300172E9A /* HoroscopeRow.swift */,
				52DF2BC72BE36F9800172E9A /* HoroscopeDetail.swift */,
				52DF2BC92BE3704600172E9A /* HeaderView.swift */,
			);
			path = Components;
			sourceTree = "<group>";
		};
/* End PBXGroup section */

/* Begin PBXNativeTarget section */
		52DF2B8E2BE3312900172E9A /* Zodiact */ = {
			isa = PBXNativeTarget;
			buildConfigurationList = 52DF2B9D2BE3312B00172E9A /* Build configuration list for PBXNativeTarget "Zodiact" */;
			buildPhases = (
				52DF2B8B2BE3312900172E9A /* Sources */,
				52DF2B8C2BE3312900172E9A /* Frameworks */,
				52DF2B8D2BE3312900172E9A /* Resources */,
			);
			buildRules = (
			);
			dependencies = (
			);
			name = Zodiact;
			packageProductDependencies = (
				52DF2BA72BE3323100172E9A /* GoogleGenerativeAI */,
			);
			productName = Zodiact;
			productReference = 52DF2B8F2BE3312900172E9A /* Zodiact.app */;
			productType = "com.apple.product-type.application";
		};
/* End PBXNativeTarget section */

/* Begin PBXProject section */
		52DF2B872BE3312900172E9A /* Project object */ = {
			isa = PBXProject;
			attributes = {
				BuildIndependentTargetsInParallel = 1;
				LastSwiftUpdateCheck = 1530;
				LastUpgradeCheck = 1530;
				TargetAttributes = {
					52DF2B8E2BE3312900172E9A = {
						CreatedOnToolsVersion = 15.3;
					};
				};
			};
			buildConfigurationList = 52DF2B8A2BE3312900172E9A /* Build configuration list for PBXProject "Zodiact" */;
			compatibilityVersion = "Xcode 14.0";
			developmentRegion = en;
			hasScannedForEncodings = 0;
			knownRegions = (
				en,
				Base,
			);
			mainGroup = 52DF2B862BE3312900172E9A;
			packageReferences = (
				52DF2BA62BE3323100172E9A /* XCRemoteSwiftPackageReference "generative-ai-swift" */,
			);
			productRefGroup = 52DF2B902BE3312900172E9A /* Products */;
			projectDirPath = "";
			projectRoot = "";
			targets = (
				52DF2B8E2BE3312900172E9A /* Zodiact */,
			);
		};
/* End PBXProject section */

/* Begin PBXResourcesBuildPhase section */
		52DF2B8D2BE3312900172E9A /* Resources */ = {
			isa = PBXResourcesBuildPhase;
			buildActionMask = 2147483647;
			files = (
				52DF2B9A2BE3312B00172E9A /* Preview Assets.xcassets in Resources */,
				52DF2B972BE3312B00172E9A /* Assets.xcassets in Resources */,
			);
			runOnlyForDeploymentPostprocessing = 0;
		};
/* End PBXResourcesBuildPhase section */

/* Begin PBXSourcesBuildPhase section */
		52DF2B8B2BE3312900172E9A /* Sources */ = {
			isa = PBXSourcesBuildPhase;
			buildActionMask = 2147483647;
			files = (
				52DF2BBD2BE3396A00172E9A /* ZodiacView.swift in Sources */,
				52DF2BC82BE36F9800172E9A /* HoroscopeDetail.swift in Sources */,
				52DF2BC62BE36CC300172E9A /* HoroscopeRow.swift in Sources */,
				52DF2BB92BE3394000172E9A /* HomeView.swift in Sources */,
				52DF2BBF2BE3397600172E9A /* SettingView.swift in Sources */,
				52DF2BB72BE338F600172E9A /* MainView.swift in Sources */,
				52DF2B932BE3312900172E9A /* ZodiactApp.swift in Sources */,
				52DF2BCA2BE3704600172E9A /* HeaderView.swift in Sources */,
				52DF2BC12BE3532E00172E9A /* TestingView.swift in Sources */,
				52DF2BAA2BE3326600172E9A /* Zodiac.swift in Sources */,
				52DF2BAE2BE3344D00172E9A /* ZodiacVM.swift in Sources */,
				52DF2BC32BE3690000172E9A /* Horoscope.swift in Sources */,
			);
			runOnlyForDeploymentPostprocessing = 0;
		};
/* End PBXSourcesBuildPhase section */

/* Begin XCBuildConfiguration section */
		52DF2B9B2BE3312B00172E9A /* Debug */ = {
			isa = XCBuildConfiguration;
			buildSettings = {
				ALWAYS_SEARCH_USER_PATHS = NO;
				ASSETCATALOG_COMPILER_GENERATE_SWIFT_ASSET_SYMBOL_EXTENSIONS = YES;
				CLANG_ANALYZER_NONNULL = YES;
				CLANG_ANALYZER_NUMBER_OBJECT_CONVERSION = YES_AGGRESSIVE;
				CLANG_CXX_LANGUAGE_STANDARD = "gnu++20";
				CLANG_ENABLE_MODULES = YES;
				CLANG_ENABLE_OBJC_ARC = YES;
				CLANG_ENABLE_OBJC_WEAK = YES;
				CLANG_WARN_BLOCK_CAPTURE_AUTORELEASING = YES;
				CLANG_WARN_BOOL_CONVERSION = YES;
				CLANG_WARN_COMMA = YES;
				CLANG_WARN_CONSTANT_CONVERSION = YES;
				CLANG_WARN_DEPRECATED_OBJC_IMPLEMENTATIONS = YES;
				CLANG_WARN_DIRECT_OBJC_ISA_USAGE = YES_ERROR;
				CLANG_WARN_DOCUMENTATION_COMMENTS = YES;
				CLANG_WARN_EMPTY_BODY = YES;
				CLANG_WARN_ENUM_CONVERSION = YES;
				CLANG_WARN_INFINITE_RECURSION = YES;
				CLANG_WARN_INT_CONVERSION = YES;
				CLANG_WARN_NON_LITERAL_NULL_CONVERSION = YES;
				CLANG_WARN_OBJC_IMPLICIT_RETAIN_SELF = YES;
				CLANG_WARN_OBJC_LITERAL_CONVERSION = YES;
				CLANG_WARN_OBJC_ROOT_CLASS = YES_ERROR;
				CLANG_WARN_QUOTED_INCLUDE_IN_FRAMEWORK_HEADER = YES;
				CLANG_WARN_RANGE_LOOP_ANALYSIS = YES;
				CLANG_WARN_STRICT_PROTOTYPES = YES;
				CLANG_WARN_SUSPICIOUS_MOVE = YES;
				CLANG_WARN_UNGUARDED_AVAILABILITY = YES_AGGRESSIVE;
				CLANG_WARN_UNREACHABLE_CODE = YES;
				CLANG_WARN__DUPLICATE_METHOD_MATCH = YES;
				COPY_PHASE_STRIP = NO;
				DEBUG_INFORMATION_FORMAT = dwarf;
				ENABLE_STRICT_OBJC_MSGSEND = YES;
				ENABLE_TESTABILITY = YES;
				ENABLE_USER_SCRIPT_SANDBOXING = YES;
				GCC_C_LANGUAGE_STANDARD = gnu17;
				GCC_DYNAMIC_NO_PIC = NO;
				GCC_NO_COMMON_BLOCKS = YES;
				GCC_OPTIMIZATION_LEVEL = 0;
				GCC_PREPROCESSOR_DEFINITIONS = (
					"DEBUG=1",
					"$(inherited)",
				);
				GCC_WARN_64_TO_32_BIT_CONVERSION = YES;
				GCC_WARN_ABOUT_RETURN_TYPE = YES_ERROR;
				GCC_WARN_UNDECLARED_SELECTOR = YES;
				GCC_WARN_UNINITIALIZED_AUTOS = YES_AGGRESSIVE;
				GCC_WARN_UNUSED_FUNCTION = YES;
				GCC_WARN_UNUSED_VARIABLE = YES;
				IPHONEOS_DEPLOYMENT_TARGET = 17.4;
				LOCALIZATION_PREFERS_STRING_CATALOGS = YES;
				MTL_ENABLE_DEBUG_INFO = INCLUDE_SOURCE;
				MTL_FAST_MATH = YES;
				ONLY_ACTIVE_ARCH = YES;
				SDKROOT = iphoneos;
				SWIFT_ACTIVE_COMPILATION_CONDITIONS = "DEBUG $(inherited)";
				SWIFT_OPTIMIZATION_LEVEL = "-Onone";
			};
			name = Debug;
		};
		52DF2B9C2BE3312B00172E9A /* Release */ = {
			isa = XCBuildConfiguration;
			buildSettings = {
				ALWAYS_SEARCH_USER_PATHS = NO;
				ASSETCATALOG_COMPILER_GENERATE_SWIFT_ASSET_SYMBOL_EXTENSIONS = YES;
				CLANG_ANALYZER_NONNULL = YES;
				CLANG_ANALYZER_NUMBER_OBJECT_CONVERSION = YES_AGGRESSIVE;
				CLANG_CXX_LANGUAGE_STANDARD = "gnu++20";
				CLANG_ENABLE_MODULES = YES;
				CLANG_ENABLE_OBJC_ARC = YES;
				CLANG_ENABLE_OBJC_WEAK = YES;
				CLANG_WARN_BLOCK_CAPTURE_AUTORELEASING = YES;
				CLANG_WARN_BOOL_CONVERSION = YES;
				CLANG_WARN_COMMA = YES;
				CLANG_WARN_CONSTANT_CONVERSION = YES;
				CLANG_WARN_DEPRECATED_OBJC_IMPLEMENTATIONS = YES;
				CLANG_WARN_DIRECT_OBJC_ISA_USAGE = YES_ERROR;
				CLANG_WARN_DOCUMENTATION_COMMENTS = YES;
				CLANG_WARN_EMPTY_BODY = YES;
				CLANG_WARN_ENUM_CONVERSION = YES;
				CLANG_WARN_INFINITE_RECURSION = YES;
				CLANG_WARN_INT_CONVERSION = YES;
				CLANG_WARN_NON_LITERAL_NULL_CONVERSION = YES;
				CLANG_WARN_OBJC_IMPLICIT_RETAIN_SELF = YES;
				CLANG_WARN_OBJC_LITERAL_CONVERSION = YES;
				CLANG_WARN_OBJC_ROOT_CLASS = YES_ERROR;
				CLANG_WARN_QUOTED_INCLUDE_IN_FRAMEWORK_HEADER = YES;
				CLANG_WARN_RANGE_LOOP_ANALYSIS = YES;
				CLANG_WARN_STRICT_PROTOTYPES = YES;
				CLANG_WARN_SUSPICIOUS_MOVE = YES;
				CLANG_WARN_UNGUARDED_AVAILABILITY = YES_AGGRESSIVE;
				CLANG_WARN_UNREACHABLE_CODE = YES;
				CLANG_WARN__DUPLICATE_METHOD_MATCH = YES;
				COPY_PHASE_STRIP = NO;
				DEBUG_INFORMATION_FORMAT = "dwarf-with-dsym";
				ENABLE_NS_ASSERTIONS = NO;
				ENABLE_STRICT_OBJC_MSGSEND = YES;
				ENABLE_USER_SCRIPT_SANDBOXING = YES;
				GCC_C_LANGUAGE_STANDARD = gnu17;
				GCC_NO_COMMON_BLOCKS = YES;
				GCC_WARN_64_TO_32_BIT_CONVERSION = YES;
				GCC_WARN_ABOUT_RETURN_TYPE = YES_ERROR;
				GCC_WARN_UNDECLARED_SELECTOR = YES;
				GCC_WARN_UNINITIALIZED_AUTOS = YES_AGGRESSIVE;
				GCC_WARN_UNUSED_FUNCTION = YES;
				GCC_WARN_UNUSED_VARIABLE = YES;
				IPHONEOS_DEPLOYMENT_TARGET = 17.4;
				LOCALIZATION_PREFERS_STRING_CATALOGS = YES;
				MTL_ENABLE_DEBUG_INFO = NO;
				MTL_FAST_MATH = YES;
				SDKROOT = iphoneos;
				SWIFT_COMPILATION_MODE = wholemodule;
				VALIDATE_PRODUCT = YES;
			};
			name = Release;
		};
		52DF2B9E2BE3312B00172E9A /* Debug */ = {
			isa = XCBuildConfiguration;
			buildSettings = {
				ASSETCATALOG_COMPILER_APPICON_NAME = AppIcon;
				ASSETCATALOG_COMPILER_GLOBAL_ACCENT_COLOR_NAME = AccentColor;
				CODE_SIGN_STYLE = Automatic;
				CURRENT_PROJECT_VERSION = 1;
				DEVELOPMENT_ASSET_PATHS = "\"Zodiact/Preview Content\"";
				ENABLE_PREVIEWS = YES;
				GENERATE_INFOPLIST_FILE = YES;
				INFOPLIST_KEY_UIApplicationSceneManifest_Generation = YES;
				INFOPLIST_KEY_UIApplicationSupportsIndirectInputEvents = YES;
				INFOPLIST_KEY_UILaunchScreen_Generation = YES;
				INFOPLIST_KEY_UISupportedInterfaceOrientations_iPad = "UIInterfaceOrientationPortrait UIInterfaceOrientationPortraitUpsideDown UIInterfaceOrientationLandscapeLeft UIInterfaceOrientationLandscapeRight";
				INFOPLIST_KEY_UISupportedInterfaceOrientations_iPhone = "UIInterfaceOrientationPortrait UIInterfaceOrientationLandscapeLeft UIInterfaceOrientationLandscapeRight";
				LD_RUNPATH_SEARCH_PATHS = (
					"$(inherited)",
					"@executable_path/Frameworks",
				);
				MARKETING_VERSION = 1.0;
				PRODUCT_BUNDLE_IDENTIFIER = com.bdp.Zodiact;
				PRODUCT_NAME = "$(TARGET_NAME)";
				SWIFT_EMIT_LOC_STRINGS = YES;
				SWIFT_VERSION = 5.0;
				TARGETED_DEVICE_FAMILY = "1,2";
			};
			name = Debug;
		};
		52DF2B9F2BE3312B00172E9A /* Release */ = {
			isa = XCBuildConfiguration;
			buildSettings = {
				ASSETCATALOG_COMPILER_APPICON_NAME = AppIcon;
				ASSETCATALOG_COMPILER_GLOBAL_ACCENT_COLOR_NAME = AccentColor;
				CODE_SIGN_STYLE = Automatic;
				CURRENT_PROJECT_VERSION = 1;
				DEVELOPMENT_ASSET_PATHS = "\"Zodiact/Preview Content\"";
				ENABLE_PREVIEWS = YES;
				GENERATE_INFOPLIST_FILE = YES;
				INFOPLIST_KEY_UIApplicationSceneManifest_Generation = YES;
				INFOPLIST_KEY_UIApplicationSupportsIndirectInputEvents = YES;
				INFOPLIST_KEY_UILaunchScreen_Generation = YES;
				INFOPLIST_KEY_UISupportedInterfaceOrientations_iPad = "UIInterfaceOrientationPortrait UIInterfaceOrientationPortraitUpsideDown UIInterfaceOrientationLandscapeLeft UIInterfaceOrientationLandscapeRight";
				INFOPLIST_KEY_UISupportedInterfaceOrientations_iPhone = "UIInterfaceOrientationPortrait UIInterfaceOrientationLandscapeLeft UIInterfaceOrientationLandscapeRight";
				LD_RUNPATH_SEARCH_PATHS = (
					"$(inherited)",
					"@executable_path/Frameworks",
				);
				MARKETING_VERSION = 1.0;
				PRODUCT_BUNDLE_IDENTIFIER = com.bdp.Zodiact;
				PRODUCT_NAME = "$(TARGET_NAME)";
				SWIFT_EMIT_LOC_STRINGS = YES;
				SWIFT_VERSION = 5.0;
				TARGETED_DEVICE_FAMILY = "1,2";
			};
			name = Release;
		};
/* End XCBuildConfiguration section */

/* Begin XCConfigurationList section */
		52DF2B8A2BE3312900172E9A /* Build configuration list for PBXProject "Zodiact" */ = {
			isa = XCConfigurationList;
			buildConfigurations = (
				52DF2B9B2BE3312B00172E9A /* Debug */,
				52DF2B9C2BE3312B00172E9A /* Release */,
			);
			defaultConfigurationIsVisible = 0;
			defaultConfigurationName = Release;
		};
		52DF2B9D2BE3312B00172E9A /* Build configuration list for PBXNativeTarget "Zodiact" */ = {
			isa = XCConfigurationList;
			buildConfigurations = (
				52DF2B9E2BE3312B00172E9A /* Debug */,
				52DF2B9F2BE3312B00172E9A /* Release */,
			);
			defaultConfigurationIsVisible = 0;
			defaultConfigurationName = Release;
		};
/* End XCConfigurationList section */

/* Begin XCRemoteSwiftPackageReference section */
		52DF2BA62BE3323100172E9A /* XCRemoteSwiftPackageReference "generative-ai-swift" */ = {
			isa = XCRemoteSwiftPackageReference;
			repositoryURL = "https://github.com/google-gemini/generative-ai-swift.git";
			requirement = {
				kind = upToNextMajorVersion;
				minimumVersion = 0.5.1;
			};
		};
/* End XCRemoteSwiftPackageReference section */

/* Begin XCSwiftPackageProductDependency section */
		52DF2BA72BE3323100172E9A /* GoogleGenerativeAI */ = {
			isa = XCSwiftPackageProductDependency;
			package = 52DF2BA62BE3323100172E9A /* XCRemoteSwiftPackageReference "generative-ai-swift" */;
			productName = GoogleGenerativeAI;
		};
/* End XCSwiftPackageProductDependency section */
	};
	rootObject = 52DF2B872BE3312900172E9A /* Project object */;
}
